
Microsoft Visual Studio Solution File, Format Version 12.00
# Visual Studio Version 16
VisualStudioVersion = 16.0.28407.52
MinimumVisualStudioVersion = 10.0.40219.1
Project("{FAE04EC0-301F-11D3-BF4B-00C04F79EFBC}") = "Desafio", "Desafio\Desafio.csproj", "{9CC3DD02-91ED-4AFC-9408-920D94A96CE9}"
EndProject
Project("{FAE04EC0-301F-11D3-BF4B-00C04F79EFBC}") = "Desafio.UnitTests", "Desafio.UnitTests\Desafio.UnitTests.csproj", "{36D6EBAF-CAD3-4FC9-B6A8-8A18E2B0CB04}"
EndProject
Global
	GlobalSection(SolutionConfigurationPlatforms) = preSolution
		Debug|Any CPU = Debug|Any CPU
		Release|Any CPU = Release|Any CPU
	EndGlobalSection
	GlobalSection(ProjectConfigurationPlatforms) = postSolution
		{9CC3DD02-91ED-4AFC-9408-920D94A96CE9}.Debug|Any CPU.ActiveCfg = Debug|Any CPU
		{9CC3DD02-91ED-4AFC-9408-920D94A96CE9}.Debug|Any CPU.Build.0 = Debug|Any CPU
		{9CC3DD02-91ED-4AFC-9408-920D94A96CE9}.Release|Any CPU.ActiveCfg = Release|Any CPU
		{9CC3DD02-91ED-4AFC-9408-920D94A96CE9}.Release|Any CPU.Build.0 = Release|Any CPU
		{36D6EBAF-CAD3-4FC9-B6A8-8A18E2B0CB04}.Debug|Any CPU.ActiveCfg = Debug|Any CPU
		{36D6EBAF-CAD3-4FC9-B6A8-8A18E2B0CB04}.Debug|Any CPU.Build.0 = Debug|Any CPU
		{36D6EBAF-CAD3-4FC9-B6A8-8A18E2B0CB04}.Release|Any CPU.ActiveCfg = Release|Any CPU
		{36D6EBAF-CAD3-4FC9-B6A8-8A18E2B0CB04}.Release|Any CPU.Build.0 = Release|Any CPU
	EndGlobalSection
	GlobalSection(SolutionProperties) = preSolution
		HideSolutionNode = FALSE
	EndGlobalSection
	GlobalSection(ExtensibilityGlobals) = postSolution
		SolutionGuid = {082E77A5-4CDF-40EF-B25A-B89A0F0052EE}
	EndGlobalSection
EndGlobal
